
Microsoft Visual Studio Solution File, Format Version 12.00
# Visual Studio Version 16
VisualStudioVersion = 16.0.29519.181
MinimumVisualStudioVersion = 10.0.40219.1
Project("{9A19103F-16F7-4668-BE54-9A1E7A4F7556}") = "CrudCrt4", "CrudCrt4.csproj", "{721B7FD7-1AA3-4795-BA69-BF0F1B34371F}"
EndProject
Project("{FAE04EC0-301F-11D3-BF4B-00C04F79EFBC}") = "TesteCRT4", "..\CRT4\TesteCRT4.csproj", "{4EE43311-EE52-437C-AE2B-33BFABC0D918}"
EndProject
Global
	GlobalSection(SolutionConfigurationPlatforms) = preSolution
		Debug|Any CPU = Debug|Any CPU
		Debug|x86 = Debug|x86
		Production|Any CPU = Production|Any CPU
		Production|x86 = Production|x86
		Release|Any CPU = Release|Any CPU
		Release|x86 = Release|x86
	EndGlobalSection
	GlobalSection(ProjectConfigurationPlatforms) = postSolution
		{721B7FD7-1AA3-4795-BA69-BF0F1B34371F}.Debug|Any CPU.ActiveCfg = Debug|Any CPU
		{721B7FD7-1AA3-4795-BA69-BF0F1B34371F}.Debug|Any CPU.Build.0 = Debug|Any CPU
		{721B7FD7-1AA3-4795-BA69-BF0F1B34371F}.Debug|x86.ActiveCfg = Debug|Any CPU
		{721B7FD7-1AA3-4795-BA69-BF0F1B34371F}.Debug|x86.Build.0 = Debug|Any CPU
		{721B7FD7-1AA3-4795-BA69-BF0F1B34371F}.Production|Any CPU.ActiveCfg = Production|Any CPU
		{721B7FD7-1AA3-4795-BA69-BF0F1B34371F}.Production|Any CPU.Build.0 = Production|Any CPU
		{721B7FD7-1AA3-4795-BA69-BF0F1B34371F}.Production|x86.ActiveCfg = Production|Any CPU
		{721B7FD7-1AA3-4795-BA69-BF0F1B34371F}.Production|x86.Build.0 = Production|Any CPU
		{721B7FD7-1AA3-4795-BA69-BF0F1B34371F}.Release|Any CPU.ActiveCfg = Release|Any CPU
		{721B7FD7-1AA3-4795-BA69-BF0F1B34371F}.Release|Any CPU.Build.0 = Release|Any CPU
		{721B7FD7-1AA3-4795-BA69-BF0F1B34371F}.Release|x86.ActiveCfg = Release|Any CPU
		{721B7FD7-1AA3-4795-BA69-BF0F1B34371F}.Release|x86.Build.0 = Release|Any CPU
		{4EE43311-EE52-437C-AE2B-33BFABC0D918}.Debug|Any CPU.ActiveCfg = Debug|x86
		{4EE43311-EE52-437C-AE2B-33BFABC0D918}.Debug|x86.ActiveCfg = Debug|x86
		{4EE43311-EE52-437C-AE2B-33BFABC0D918}.Debug|x86.Build.0 = Debug|x86
		{4EE43311-EE52-437C-AE2B-33BFABC0D918}.Production|Any CPU.ActiveCfg = Release|x86
		{4EE43311-EE52-437C-AE2B-33BFABC0D918}.Production|x86.ActiveCfg = Release|x86
		{4EE43311-EE52-437C-AE2B-33BFABC0D918}.Release|Any CPU.ActiveCfg = Release|x86
		{4EE43311-EE52-437C-AE2B-33BFABC0D918}.Release|x86.ActiveCfg = Release|x86
		{4EE43311-EE52-437C-AE2B-33BFABC0D918}.Release|x86.Build.0 = Release|x86
	EndGlobalSection
	GlobalSection(SolutionProperties) = preSolution
		HideSolutionNode = FALSE
	EndGlobalSection
	GlobalSection(ExtensibilityGlobals) = postSolution
		SolutionGuid = {C82626F2-11B8-496C-A36B-8F0F77BF6894}
	EndGlobalSection
EndGlobal
